{
  "name": "server",
  "version": "1.0.0",
  "lockfileVersion": 1,
  "requires": true,
  "dependencies": {
    "nanoajax": {
      "version": "0.4.3",
      "resolved": "https://registry.npmjs.org/nanoajax/-/nanoajax-0.4.3.tgz",
      "integrity": "sha1-r3q+wQjXJPuX9vdfEcKmPPMVopg="
    },
    "rivets": {
      "version": "0.9.6",
      "resolved": "https://registry.npmjs.org/rivets/-/rivets-0.9.6.tgz",
      "integrity": "sha1-UIHl7TlE3vf2/NOjJu5CFoeZ/TM=",
      "requires": {
        "sightglass": "~0.2.4"
      }
    },
    "sightglass": {
      "version": "0.2.6",
      "resolved": "https://registry.npmjs.org/sightglass/-/sightglass-0.2.6.tgz",
      "integrity": "sha1-kSC7hS0lnPghJ0hWN1u9+QCYOEE="
    }
  }
}
